// !$*UTF8*$!
{
	archiveVersion = 1;
	classes = {
	};
	objectVersion = 55;
	objects = {

/* Begin PBXBuildFile section */
		998ADDF52745427C0028AD69 /* TildaPagesListAPI.swift in Sources */ = {isa = PBXBuildFile; fileRef = 998ADDF42745427C0028AD69 /* TildaPagesListAPI.swift */; };
		998ADDF8274542AC0028AD69 /* Page.swift in Sources */ = {isa = PBXBuildFile; fileRef = 998ADDF7274542AC0028AD69 /* Page.swift */; };
		998ADDFB27454B5B0028AD69 /* Data+PrettyJSON.swift in Sources */ = {isa = PBXBuildFile; fileRef = 998ADDFA27454B5B0028AD69 /* Data+PrettyJSON.swift */; };
		998ADDFE274550100028AD69 /* SwiftyJSON in Frameworks */ = {isa = PBXBuildFile; productRef = 998ADDFD274550100028AD69 /* SwiftyJSON */; };
		999F26F32742B1AF00A47730 /* AppDelegate.swift in Sources */ = {isa = PBXBuildFile; fileRef = 999F26F22742B1AF00A47730 /* AppDelegate.swift */; };
		999F26F52742B1AF00A47730 /* SceneDelegate.swift in Sources */ = {isa = PBXBuildFile; fileRef = 999F26F42742B1AF00A47730 /* SceneDelegate.swift */; };
		999F26F72742B1AF00A47730 /* MainViewController.swift in Sources */ = {isa = PBXBuildFile; fileRef = 999F26F62742B1AF00A47730 /* MainViewController.swift */; };
		999F26FA2742B1AF00A47730 /* Main.storyboard in Resources */ = {isa = PBXBuildFile; fileRef = 999F26F82742B1AF00A47730 /* Main.storyboard */; };
		999F26FC2742B1B000A47730 /* Assets.xcassets in Resources */ = {isa = PBXBuildFile; fileRef = 999F26FB2742B1B000A47730 /* Assets.xcassets */; };
		999F26FF2742B1B000A47730 /* LaunchScreen.storyboard in Resources */ = {isa = PBXBuildFile; fileRef = 999F26FD2742B1B000A47730 /* LaunchScreen.storyboard */; };
		999F27092742B62400A47730 /* TaskTableViewCell.swift in Sources */ = {isa = PBXBuildFile; fileRef = 999F27072742B62400A47730 /* TaskTableViewCell.swift */; };
		999F270A2742B62400A47730 /* TaskTableViewCell.xib in Resources */ = {isa = PBXBuildFile; fileRef = 999F27082742B62400A47730 /* TaskTableViewCell.xib */; };
		99AD63F32747BB6700642550 /* TildaPagesDescriptionAPI.swift in Sources */ = {isa = PBXBuildFile; fileRef = 99AD63F22747BB6700642550 /* TildaPagesDescriptionAPI.swift */; };
		99AD63F52747BB9600642550 /* PageDescription.swift in Sources */ = {isa = PBXBuildFile; fileRef = 99AD63F42747BB9600642550 /* PageDescription.swift */; };
		99AD63F82747C82200642550 /* Fuzi in Frameworks */ = {isa = PBXBuildFile; productRef = 99AD63F72747C82200642550 /* Fuzi */; };
		99AD63FB2747F6F600642550 /* PageDescriptionViewController.swift in Sources */ = {isa = PBXBuildFile; fileRef = 99AD63FA2747F6F600642550 /* PageDescriptionViewController.swift */; };
		99AD63FD2747F8ED00642550 /* PageDescription.storyboard in Resources */ = {isa = PBXBuildFile; fileRef = 99AD63FC2747F8ED00642550 /* PageDescription.storyboard */; };
		99AD640327480A2B00642550 /* PageDescriptionParsed.swift in Sources */ = {isa = PBXBuildFile; fileRef = 99AD640227480A2B00642550 /* PageDescriptionParsed.swift */; };
/* End PBXBuildFile section */

/* Begin PBXFileReference section */
		998ADDF42745427C0028AD69 /* TildaPagesListAPI.swift */ = {isa = PBXFileReference; lastKnownFileType = sourcecode.swift; path = TildaPagesListAPI.swift; sourceTree = "<group>"; };
		998ADDF7274542AC0028AD69 /* Page.swift */ = {isa = PBXFileReference; lastKnownFileType = sourcecode.swift; path = Page.swift; sourceTree = "<group>"; };
		998ADDFA27454B5B0028AD69 /* Data+PrettyJSON.swift */ = {isa = PBXFileReference; lastKnownFileType = sourcecode.swift; path = "Data+PrettyJSON.swift"; sourceTree = "<group>"; };
		999F26EF2742B1AF00A47730 /* Tasklord.app */ = {isa = PBXFileReference; explicitFileType = wrapper.application; includeInIndex = 0; path = Tasklord.app; sourceTree = BUILT_PRODUCTS_DIR; };
		999F26F22742B1AF00A47730 /* AppDelegate.swift */ = {isa = PBXFileReference; lastKnownFileType = sourcecode.swift; path = AppDelegate.swift; sourceTree = "<group>"; };
		999F26F42742B1AF00A47730 /* SceneDelegate.swift */ = {isa = PBXFileReference; lastKnownFileType = sourcecode.swift; path = SceneDelegate.swift; sourceTree = "<group>"; };
		999F26F62742B1AF00A47730 /* MainViewController.swift */ = {isa = PBXFileReference; lastKnownFileType = sourcecode.swift; path = MainViewController.swift; sourceTree = "<group>"; };
		999F26F92742B1AF00A47730 /* Base */ = {isa = PBXFileReference; lastKnownFileType = file.storyboard; name = Base; path = Base.lproj/Main.storyboard; sourceTree = "<group>"; };
		999F26FB2742B1B000A47730 /* Assets.xcassets */ = {isa = PBXFileReference; lastKnownFileType = folder.assetcatalog; path = Assets.xcassets; sourceTree = "<group>"; };
		999F26FE2742B1B000A47730 /* Base */ = {isa = PBXFileReference; lastKnownFileType = file.storyboard; name = Base; path = Base.lproj/LaunchScreen.storyboard; sourceTree = "<group>"; };
		999F27002742B1B000A47730 /* Info.plist */ = {isa = PBXFileReference; lastKnownFileType = text.plist.xml; path = Info.plist; sourceTree = "<group>"; };
		999F27072742B62400A47730 /* TaskTableViewCell.swift */ = {isa = PBXFileReference; lastKnownFileType = sourcecode.swift; path = TaskTableViewCell.swift; sourceTree = "<group>"; };
		999F27082742B62400A47730 /* TaskTableViewCell.xib */ = {isa = PBXFileReference; lastKnownFileType = file.xib; path = TaskTableViewCell.xib; sourceTree = "<group>"; };
		99AD63F22747BB6700642550 /* TildaPagesDescriptionAPI.swift */ = {isa = PBXFileReference; lastKnownFileType = sourcecode.swift; path = TildaPagesDescriptionAPI.swift; sourceTree = "<group>"; };
		99AD63F42747BB9600642550 /* PageDescription.swift */ = {isa = PBXFileReference; lastKnownFileType = sourcecode.swift; path = PageDescription.swift; sourceTree = "<group>"; };
		99AD63FA2747F6F600642550 /* PageDescriptionViewController.swift */ = {isa = PBXFileReference; lastKnownFileType = sourcecode.swift; path = PageDescriptionViewController.swift; sourceTree = "<group>"; };
		99AD63FC2747F8ED00642550 /* PageDescription.storyboard */ = {isa = PBXFileReference; lastKnownFileType = file.storyboard; path = PageDescription.storyboard; sourceTree = "<group>"; };
		99AD640227480A2B00642550 /* PageDescriptionParsed.swift */ = {isa = PBXFileReference; lastKnownFileType = sourcecode.swift; path = PageDescriptionParsed.swift; sourceTree = "<group>"; };
/* End PBXFileReference section */

/* Begin PBXFrameworksBuildPhase section */
		999F26EC2742B1AF00A47730 /* Frameworks */ = {
			isa = PBXFrameworksBuildPhase;
			buildActionMask = 2147483647;
			files = (
				99AD63F82747C82200642550 /* Fuzi in Frameworks */,
				998ADDFE274550100028AD69 /* SwiftyJSON in Frameworks */,
			);
			runOnlyForDeploymentPostprocessing = 0;
		};
/* End PBXFrameworksBuildPhase section */

/* Begin PBXGroup section */
		998ADDF3274542570028AD69 /* Models */ = {
			isa = PBXGroup;
			children = (
				998ADDF7274542AC0028AD69 /* Page.swift */,
				99AD63F42747BB9600642550 /* PageDescription.swift */,
				99AD640227480A2B00642550 /* PageDescriptionParsed.swift */,
			);
			path = Models;
			sourceTree = "<group>";
		};
		998ADDF6274542930028AD69 /* Services */ = {
			isa = PBXGroup;
			children = (
				998ADDF42745427C0028AD69 /* TildaPagesListAPI.swift */,
				99AD63F22747BB6700642550 /* TildaPagesDescriptionAPI.swift */,
			);
			path = Services;
			sourceTree = "<group>";
		};
		998ADDF927454B440028AD69 /* Extensions */ = {
			isa = PBXGroup;
			children = (
				998ADDFA27454B5B0028AD69 /* Data+PrettyJSON.swift */,
			);
			path = Extensions;
			sourceTree = "<group>";
		};
		999F26E62742B1AF00A47730 = {
			isa = PBXGroup;
			children = (
				999F26F12742B1AF00A47730 /* Tasklord */,
				999F26F02742B1AF00A47730 /* Products */,
			);
			sourceTree = "<group>";
		};
		999F26F02742B1AF00A47730 /* Products */ = {
			isa = PBXGroup;
			children = (
				999F26EF2742B1AF00A47730 /* Tasklord.app */,
			);
			name = Products;
			sourceTree = "<group>";
		};
		999F26F12742B1AF00A47730 /* Tasklord */ = {
			isa = PBXGroup;
			children = (
				99AD63F92747F6D400642550 /* PageDescription */,
				998ADDF927454B440028AD69 /* Extensions */,
				998ADDF6274542930028AD69 /* Services */,
				998ADDF3274542570028AD69 /* Models */,
				999F27062742B5B900A47730 /* Task */,
				999F26F22742B1AF00A47730 /* AppDelegate.swift */,
				999F26F42742B1AF00A47730 /* SceneDelegate.swift */,
				999F26F62742B1AF00A47730 /* MainViewController.swift */,
				999F26F82742B1AF00A47730 /* Main.storyboard */,
				999F26FB2742B1B000A47730 /* Assets.xcassets */,
				999F26FD2742B1B000A47730 /* LaunchScreen.storyboard */,
				999F27002742B1B000A47730 /* Info.plist */,
			);
			path = Tasklord;
			sourceTree = "<group>";
		};
		999F27062742B5B900A47730 /* Task */ = {
			isa = PBXGroup;
			children = (
				999F27072742B62400A47730 /* TaskTableViewCell.swift */,
				999F27082742B62400A47730 /* TaskTableViewCell.xib */,
			);
			path = Task;
			sourceTree = "<group>";
		};
		99AD63F92747F6D400642550 /* PageDescription */ = {
			isa = PBXGroup;
			children = (
				99AD63FA2747F6F600642550 /* PageDescriptionViewController.swift */,
				99AD63FC2747F8ED00642550 /* PageDescription.storyboard */,
			);
			path = PageDescription;
			sourceTree = "<group>";
		};
/* End PBXGroup section */

/* Begin PBXNativeTarget section */
		999F26EE2742B1AF00A47730 /* Tasklord */ = {
			isa = PBXNativeTarget;
			buildConfigurationList = 999F27032742B1B000A47730 /* Build configuration list for PBXNativeTarget "Tasklord" */;
			buildPhases = (
				999F26EB2742B1AF00A47730 /* Sources */,
				999F26EC2742B1AF00A47730 /* Frameworks */,
				999F26ED2742B1AF00A47730 /* Resources */,
			);
			buildRules = (
			);
			dependencies = (
			);
			name = Tasklord;
			packageProductDependencies = (
				998ADDFD274550100028AD69 /* SwiftyJSON */,
				99AD63F72747C82200642550 /* Fuzi */,
			);
			productName = Tasklord;
			productReference = 999F26EF2742B1AF00A47730 /* Tasklord.app */;
			productType = "com.apple.product-type.application";
		};
/* End PBXNativeTarget section */

/* Begin PBXProject section */
		999F26E72742B1AF00A47730 /* Project object */ = {
			isa = PBXProject;
			attributes = {
				BuildIndependentTargetsInParallel = 1;
				LastSwiftUpdateCheck = 1320;
				LastUpgradeCheck = 1320;
				TargetAttributes = {
					999F26EE2742B1AF00A47730 = {
						CreatedOnToolsVersion = 13.2;
					};
				};
			};
			buildConfigurationList = 999F26EA2742B1AF00A47730 /* Build configuration list for PBXProject "Tasklord" */;
			compatibilityVersion = "Xcode 13.0";
			developmentRegion = en;
			hasScannedForEncodings = 0;
			knownRegions = (
				en,
				Base,
			);
			mainGroup = 999F26E62742B1AF00A47730;
			packageReferences = (
				998ADDFC274550100028AD69 /* XCRemoteSwiftPackageReference "SwiftyJSON" */,
				99AD63F62747C82200642550 /* XCRemoteSwiftPackageReference "Fuzi" */,
			);
			productRefGroup = 999F26F02742B1AF00A47730 /* Products */;
			projectDirPath = "";
			projectRoot = "";
			targets = (
				999F26EE2742B1AF00A47730 /* Tasklord */,
			);
		};
/* End PBXProject section */

/* Begin PBXResourcesBuildPhase section */
		999F26ED2742B1AF00A47730 /* Resources */ = {
			isa = PBXResourcesBuildPhase;
			buildActionMask = 2147483647;
			files = (
				999F270A2742B62400A47730 /* TaskTableViewCell.xib in Resources */,
				999F26FF2742B1B000A47730 /* LaunchScreen.storyboard in Resources */,
				99AD63FD2747F8ED00642550 /* PageDescription.storyboard in Resources */,
				999F26FC2742B1B000A47730 /* Assets.xcassets in Resources */,
				999F26FA2742B1AF00A47730 /* Main.storyboard in Resources */,
			);
			runOnlyForDeploymentPostprocessing = 0;
		};
/* End PBXResourcesBuildPhase section */

/* Begin PBXSourcesBuildPhase section */
		999F26EB2742B1AF00A47730 /* Sources */ = {
			isa = PBXSourcesBuildPhase;
			buildActionMask = 2147483647;
			files = (
				99AD63FB2747F6F600642550 /* PageDescriptionViewController.swift in Sources */,
				999F27092742B62400A47730 /* TaskTableViewCell.swift in Sources */,
				99AD63F52747BB9600642550 /* PageDescription.swift in Sources */,
				999F26F72742B1AF00A47730 /* MainViewController.swift in Sources */,
				999F26F32742B1AF00A47730 /* AppDelegate.swift in Sources */,
				998ADDFB27454B5B0028AD69 /* Data+PrettyJSON.swift in Sources */,
				998ADDF8274542AC0028AD69 /* Page.swift in Sources */,
				99AD63F32747BB6700642550 /* TildaPagesDescriptionAPI.swift in Sources */,
				998ADDF52745427C0028AD69 /* TildaPagesListAPI.swift in Sources */,
				99AD640327480A2B00642550 /* PageDescriptionParsed.swift in Sources */,
				999F26F52742B1AF00A47730 /* SceneDelegate.swift in Sources */,
			);
			runOnlyForDeploymentPostprocessing = 0;
		};
/* End PBXSourcesBuildPhase section */

/* Begin PBXVariantGroup section */
		999F26F82742B1AF00A47730 /* Main.storyboard */ = {
			isa = PBXVariantGroup;
			children = (
				999F26F92742B1AF00A47730 /* Base */,
			);
			name = Main.storyboard;
			sourceTree = "<group>";
		};
		999F26FD2742B1B000A47730 /* LaunchScreen.storyboard */ = {
			isa = PBXVariantGroup;
			children = (
				999F26FE2742B1B000A47730 /* Base */,
			);
			name = LaunchScreen.storyboard;
			sourceTree = "<group>";
		};
/* End PBXVariantGroup section */

/* Begin XCBuildConfiguration section */
		999F27012742B1B000A47730 /* Debug */ = {
			isa = XCBuildConfiguration;
			buildSettings = {
				ALWAYS_SEARCH_USER_PATHS = NO;
				CLANG_ANALYZER_NONNULL = YES;
				CLANG_ANALYZER_NUMBER_OBJECT_CONVERSION = YES_AGGRESSIVE;
				CLANG_CXX_LANGUAGE_STANDARD = "gnu++17";
				CLANG_CXX_LIBRARY = "libc++";
				CLANG_ENABLE_MODULES = YES;
				CLANG_ENABLE_OBJC_ARC = YES;
				CLANG_ENABLE_OBJC_WEAK = YES;
				CLANG_WARN_BLOCK_CAPTURE_AUTORELEASING = YES;
				CLANG_WARN_BOOL_CONVERSION = YES;
				CLANG_WARN_COMMA = YES;
				CLANG_WARN_CONSTANT_CONVERSION = YES;
				CLANG_WARN_DEPRECATED_OBJC_IMPLEMENTATIONS = YES;
				CLANG_WARN_DIRECT_OBJC_ISA_USAGE = YES_ERROR;
				CLANG_WARN_DOCUMENTATION_COMMENTS = YES;
				CLANG_WARN_EMPTY_BODY = YES;
				CLANG_WARN_ENUM_CONVERSION = YES;
				CLANG_WARN_INFINITE_RECURSION = YES;
				CLANG_WARN_INT_CONVERSION = YES;
				CLANG_WARN_NON_LITERAL_NULL_CONVERSION = YES;
				CLANG_WARN_OBJC_IMPLICIT_RETAIN_SELF = YES;
				CLANG_WARN_OBJC_LITERAL_CONVERSION = YES;
				CLANG_WARN_OBJC_ROOT_CLASS = YES_ERROR;
				CLANG_WARN_QUOTED_INCLUDE_IN_FRAMEWORK_HEADER = YES;
				CLANG_WARN_RANGE_LOOP_ANALYSIS = YES;
				CLANG_WARN_STRICT_PROTOTYPES = YES;
				CLANG_WARN_SUSPICIOUS_MOVE = YES;
				CLANG_WARN_UNGUARDED_AVAILABILITY = YES_AGGRESSIVE;
				CLANG_WARN_UNREACHABLE_CODE = YES;
				CLANG_WARN__DUPLICATE_METHOD_MATCH = YES;
				COPY_PHASE_STRIP = NO;
				DEBUG_INFORMATION_FORMAT = dwarf;
				ENABLE_STRICT_OBJC_MSGSEND = YES;
				ENABLE_TESTABILITY = YES;
				GCC_C_LANGUAGE_STANDARD = gnu11;
				GCC_DYNAMIC_NO_PIC = NO;
				GCC_NO_COMMON_BLOCKS = YES;
				GCC_OPTIMIZATION_LEVEL = 0;
				GCC_PREPROCESSOR_DEFINITIONS = (
					"DEBUG=1",
					"$(inherited)",
				);
				GCC_WARN_64_TO_32_BIT_CONVERSION = YES;
				GCC_WARN_ABOUT_RETURN_TYPE = YES_ERROR;
				GCC_WARN_UNDECLARED_SELECTOR = YES;
				GCC_WARN_UNINITIALIZED_AUTOS = YES_AGGRESSIVE;
				GCC_WARN_UNUSED_FUNCTION = YES;
				GCC_WARN_UNUSED_VARIABLE = YES;
				IPHONEOS_DEPLOYMENT_TARGET = 15.2;
				MTL_ENABLE_DEBUG_INFO = INCLUDE_SOURCE;
				MTL_FAST_MATH = YES;
				ONLY_ACTIVE_ARCH = YES;
				SDKROOT = iphoneos;
				SWIFT_ACTIVE_COMPILATION_CONDITIONS = DEBUG;
				SWIFT_OPTIMIZATION_LEVEL = "-Onone";
			};
			name = Debug;
		};
		999F27022742B1B000A47730 /* Release */ = {
			isa = XCBuildConfiguration;
			buildSettings = {
				ALWAYS_SEARCH_USER_PATHS = NO;
				CLANG_ANALYZER_NONNULL = YES;
				CLANG_ANALYZER_NUMBER_OBJECT_CONVERSION = YES_AGGRESSIVE;
				CLANG_CXX_LANGUAGE_STANDARD = "gnu++17";
				CLANG_CXX_LIBRARY = "libc++";
				CLANG_ENABLE_MODULES = YES;
				CLANG_ENABLE_OBJC_ARC = YES;
				CLANG_ENABLE_OBJC_WEAK = YES;
				CLANG_WARN_BLOCK_CAPTURE_AUTORELEASING = YES;
				CLANG_WARN_BOOL_CONVERSION = YES;
				CLANG_WARN_COMMA = YES;
				CLANG_WARN_CONSTANT_CONVERSION = YES;
				CLANG_WARN_DEPRECATED_OBJC_IMPLEMENTATIONS = YES;
				CLANG_WARN_DIRECT_OBJC_ISA_USAGE = YES_ERROR;
				CLANG_WARN_DOCUMENTATION_COMMENTS = YES;
				CLANG_WARN_EMPTY_BODY = YES;
				CLANG_WARN_ENUM_CONVERSION = YES;
				CLANG_WARN_INFINITE_RECURSION = YES;
				CLANG_WARN_INT_CONVERSION = YES;
				CLANG_WARN_NON_LITERAL_NULL_CONVERSION = YES;
				CLANG_WARN_OBJC_IMPLICIT_RETAIN_SELF = YES;
				CLANG_WARN_OBJC_LITERAL_CONVERSION = YES;
				CLANG_WARN_OBJC_ROOT_CLASS = YES_ERROR;
				CLANG_WARN_QUOTED_INCLUDE_IN_FRAMEWORK_HEADER = YES;
				CLANG_WARN_RANGE_LOOP_ANALYSIS = YES;
				CLANG_WARN_STRICT_PROTOTYPES = YES;
				CLANG_WARN_SUSPICIOUS_MOVE = YES;
				CLANG_WARN_UNGUARDED_AVAILABILITY = YES_AGGRESSIVE;
				CLANG_WARN_UNREACHABLE_CODE = YES;
				CLANG_WARN__DUPLICATE_METHOD_MATCH = YES;
				COPY_PHASE_STRIP = NO;
				DEBUG_INFORMATION_FORMAT = "dwarf-with-dsym";
				ENABLE_NS_ASSERTIONS = NO;
				ENABLE_STRICT_OBJC_MSGSEND = YES;
				GCC_C_LANGUAGE_STANDARD = gnu11;
				GCC_NO_COMMON_BLOCKS = YES;
				GCC_WARN_64_TO_32_BIT_CONVERSION = YES;
				GCC_WARN_ABOUT_RETURN_TYPE = YES_ERROR;
				GCC_WARN_UNDECLARED_SELECTOR = YES;
				GCC_WARN_UNINITIALIZED_AUTOS = YES_AGGRESSIVE;
				GCC_WARN_UNUSED_FUNCTION = YES;
				GCC_WARN_UNUSED_VARIABLE = YES;
				IPHONEOS_DEPLOYMENT_TARGET = 15.2;
				MTL_ENABLE_DEBUG_INFO = NO;
				MTL_FAST_MATH = YES;
				SDKROOT = iphoneos;
				SWIFT_COMPILATION_MODE = wholemodule;
				SWIFT_OPTIMIZATION_LEVEL = "-O";
				VALIDATE_PRODUCT = YES;
			};
			name = Release;
		};
		999F27042742B1B000A47730 /* Debug */ = {
			isa = XCBuildConfiguration;
			buildSettings = {
				ASSETCATALOG_COMPILER_APPICON_NAME = AppIcon;
				ASSETCATALOG_COMPILER_GLOBAL_ACCENT_COLOR_NAME = AccentColor;
				CODE_SIGN_STYLE = Automatic;
				CURRENT_PROJECT_VERSION = 1;
				DEVELOPMENT_TEAM = JBFRNM88TE;
				GENERATE_INFOPLIST_FILE = YES;
				INFOPLIST_FILE = Tasklord/Info.plist;
				INFOPLIST_KEY_CFBundleDisplayName = Tasklod;
				INFOPLIST_KEY_UIApplicationSupportsIndirectInputEvents = YES;
				INFOPLIST_KEY_UILaunchStoryboardName = LaunchScreen;
				INFOPLIST_KEY_UIMainStoryboardFile = Main;
				INFOPLIST_KEY_UISupportedInterfaceOrientations_iPad = "UIInterfaceOrientationPortrait UIInterfaceOrientationPortraitUpsideDown UIInterfaceOrientationLandscapeLeft UIInterfaceOrientationLandscapeRight";
				INFOPLIST_KEY_UISupportedInterfaceOrientations_iPhone = "UIInterfaceOrientationPortrait UIInterfaceOrientationLandscapeLeft UIInterfaceOrientationLandscapeRight";
				IPHONEOS_DEPLOYMENT_TARGET = 15.0;
				LD_RUNPATH_SEARCH_PATHS = (
					"$(inherited)",
					"@executable_path/Frameworks",
				);
				MARKETING_VERSION = 1.0;
				PRODUCT_BUNDLE_IDENTIFIER = tasklord.Tasklord;
				PRODUCT_NAME = "$(TARGET_NAME)";
				SWIFT_EMIT_LOC_STRINGS = YES;
				SWIFT_VERSION = 5.0;
				TARGETED_DEVICE_FAMILY = "1,2";
			};
			name = Debug;
		};
		999F27052742B1B000A47730 /* Release */ = {
			isa = XCBuildConfiguration;
			buildSettings = {
				ASSETCATALOG_COMPILER_APPICON_NAME = AppIcon;
				ASSETCATALOG_COMPILER_GLOBAL_ACCENT_COLOR_NAME = AccentColor;
				CODE_SIGN_STYLE = Automatic;
				CURRENT_PROJECT_VERSION = 1;
				DEVELOPMENT_TEAM = JBFRNM88TE;
				GENERATE_INFOPLIST_FILE = YES;
				INFOPLIST_FILE = Tasklord/Info.plist;
				INFOPLIST_KEY_CFBundleDisplayName = Tasklod;
				INFOPLIST_KEY_UIApplicationSupportsIndirectInputEvents = YES;
				INFOPLIST_KEY_UILaunchStoryboardName = LaunchScreen;
				INFOPLIST_KEY_UIMainStoryboardFile = Main;
				INFOPLIST_KEY_UISupportedInterfaceOrientations_iPad = "UIInterfaceOrientationPortrait UIInterfaceOrientationPortraitUpsideDown UIInterfaceOrientationLandscapeLeft UIInterfaceOrientationLandscapeRight";
				INFOPLIST_KEY_UISupportedInterfaceOrientations_iPhone = "UIInterfaceOrientationPortrait UIInterfaceOrientationLandscapeLeft UIInterfaceOrientationLandscapeRight";
				IPHONEOS_DEPLOYMENT_TARGET = 15.0;
				LD_RUNPATH_SEARCH_PATHS = (
					"$(inherited)",
					"@executable_path/Frameworks",
				);
				MARKETING_VERSION = 1.0;
				PRODUCT_BUNDLE_IDENTIFIER = tasklord.Tasklord;
				PRODUCT_NAME = "$(TARGET_NAME)";
				SWIFT_EMIT_LOC_STRINGS = YES;
				SWIFT_VERSION = 5.0;
				TARGETED_DEVICE_FAMILY = "1,2";
			};
			name = Release;
		};
/* End XCBuildConfiguration section */

/* Begin XCConfigurationList section */
		999F26EA2742B1AF00A47730 /* Build configuration list for PBXProject "Tasklord" */ = {
			isa = XCConfigurationList;
			buildConfigurations = (
				999F27012742B1B000A47730 /* Debug */,
				999F27022742B1B000A47730 /* Release */,
			);
			defaultConfigurationIsVisible = 0;
			defaultConfigurationName = Release;
		};
		999F27032742B1B000A47730 /* Build configuration list for PBXNativeTarget "Tasklord" */ = {
			isa = XCConfigurationList;
			buildConfigurations = (
				999F27042742B1B000A47730 /* Debug */,
				999F27052742B1B000A47730 /* Release */,
			);
			defaultConfigurationIsVisible = 0;
			defaultConfigurationName = Release;
		};
/* End XCConfigurationList section */

/* Begin XCRemoteSwiftPackageReference section */
		998ADDFC274550100028AD69 /* XCRemoteSwiftPackageReference "SwiftyJSON" */ = {
			isa = XCRemoteSwiftPackageReference;
			repositoryURL = "https://github.com/SwiftyJSON/SwiftyJSON.git";
			requirement = {
				branch = master;
				kind = branch;
			};
		};
		99AD63F62747C82200642550 /* XCRemoteSwiftPackageReference "Fuzi" */ = {
			isa = XCRemoteSwiftPackageReference;
			repositoryURL = "https://github.com/cezheng/Fuzi.git";
			requirement = {
				kind = upToNextMajorVersion;
				minimumVersion = 3.0.0;
			};
		};
/* End XCRemoteSwiftPackageReference section */

/* Begin XCSwiftPackageProductDependency section */
		998ADDFD274550100028AD69 /* SwiftyJSON */ = {
			isa = XCSwiftPackageProductDependency;
			package = 998ADDFC274550100028AD69 /* XCRemoteSwiftPackageReference "SwiftyJSON" */;
			productName = SwiftyJSON;
		};
		99AD63F72747C82200642550 /* Fuzi */ = {
			isa = XCSwiftPackageProductDependency;
			package = 99AD63F62747C82200642550 /* XCRemoteSwiftPackageReference "Fuzi" */;
			productName = Fuzi;
		};
/* End XCSwiftPackageProductDependency section */
	};
	rootObject = 999F26E72742B1AF00A47730 /* Project object */;
}
